// !$*UTF8*$!
{
	archiveVersion = 1;
	classes = {
	};
	objectVersion = 56;
	objects = {

/* Begin PBXBuildFile section */
		A081CDE12C7126A700EA0F57 /* FetchRecipesApp.swift in Sources */ = {isa = PBXBuildFile; fileRef = A081CDE02C7126A700EA0F57 /* FetchRecipesApp.swift */; };
		A081CDE32C7126A700EA0F57 /* ContentView.swift in Sources */ = {isa = PBXBuildFile; fileRef = A081CDE22C7126A700EA0F57 /* ContentView.swift */; };
		A081CDE52C7126AC00EA0F57 /* Assets.xcassets in Resources */ = {isa = PBXBuildFile; fileRef = A081CDE42C7126AC00EA0F57 /* Assets.xcassets */; };
		A081CDE82C7126AC00EA0F57 /* Preview Assets.xcassets in Resources */ = {isa = PBXBuildFile; fileRef = A081CDE72C7126AC00EA0F57 /* Preview Assets.xcassets */; };
		A081CDF22C7126AC00EA0F57 /* FetchRecipesTests.swift in Sources */ = {isa = PBXBuildFile; fileRef = A081CDF12C7126AC00EA0F57 /* FetchRecipesTests.swift */; };
		A081CDFC2C7126AC00EA0F57 /* FetchRecipesUITests.swift in Sources */ = {isa = PBXBuildFile; fileRef = A081CDFB2C7126AC00EA0F57 /* FetchRecipesUITests.swift */; };
		A081CDFE2C7126AC00EA0F57 /* FetchRecipesUITestsLaunchTests.swift in Sources */ = {isa = PBXBuildFile; fileRef = A081CDFD2C7126AC00EA0F57 /* FetchRecipesUITestsLaunchTests.swift */; };
		A081CE132C7132E600EA0F57 /* APIEndpoint.swift in Sources */ = {isa = PBXBuildFile; fileRef = A081CE122C7132E600EA0F57 /* APIEndpoint.swift */; };
		A081CE142C7132E600EA0F57 /* APIEndpoint.swift in Sources */ = {isa = PBXBuildFile; fileRef = A081CE122C7132E600EA0F57 /* APIEndpoint.swift */; };
		A081CE162C71360E00EA0F57 /* APIError.swift in Sources */ = {isa = PBXBuildFile; fileRef = A081CE152C71360E00EA0F57 /* APIError.swift */; };
		A081CE172C71360E00EA0F57 /* APIError.swift in Sources */ = {isa = PBXBuildFile; fileRef = A081CE152C71360E00EA0F57 /* APIError.swift */; };
		A081CE192C71381B00EA0F57 /* API.swift in Sources */ = {isa = PBXBuildFile; fileRef = A081CE182C71381B00EA0F57 /* API.swift */; };
		A081CE1A2C71381B00EA0F57 /* API.swift in Sources */ = {isa = PBXBuildFile; fileRef = A081CE182C71381B00EA0F57 /* API.swift */; };
		A081CE1C2C7139EB00EA0F57 /* NetworkMonitor.swift in Sources */ = {isa = PBXBuildFile; fileRef = A081CE1B2C7139EB00EA0F57 /* NetworkMonitor.swift */; };
		A081CE1D2C7139EB00EA0F57 /* NetworkMonitor.swift in Sources */ = {isa = PBXBuildFile; fileRef = A081CE1B2C7139EB00EA0F57 /* NetworkMonitor.swift */; };
		A081CE202C713C1D00EA0F57 /* InAppNotification.swift in Sources */ = {isa = PBXBuildFile; fileRef = A081CE1F2C713C1D00EA0F57 /* InAppNotification.swift */; };
		A081CE212C713C1D00EA0F57 /* InAppNotification.swift in Sources */ = {isa = PBXBuildFile; fileRef = A081CE1F2C713C1D00EA0F57 /* InAppNotification.swift */; };
		A081CE232C713C7300EA0F57 /* ImageDownloader.swift in Sources */ = {isa = PBXBuildFile; fileRef = A081CE222C713C7300EA0F57 /* ImageDownloader.swift */; };
		A081CE242C713C7300EA0F57 /* ImageDownloader.swift in Sources */ = {isa = PBXBuildFile; fileRef = A081CE222C713C7300EA0F57 /* ImageDownloader.swift */; };
		A081CE262C713CD500EA0F57 /* LocalFileManager.swift in Sources */ = {isa = PBXBuildFile; fileRef = A081CE252C713CD500EA0F57 /* LocalFileManager.swift */; };
		A081CE272C713CD500EA0F57 /* LocalFileManager.swift in Sources */ = {isa = PBXBuildFile; fileRef = A081CE252C713CD500EA0F57 /* LocalFileManager.swift */; };
		A081CE2A2C72906200EA0F57 /* Meal.swift in Sources */ = {isa = PBXBuildFile; fileRef = A081CE292C72906200EA0F57 /* Meal.swift */; };
		A081CE2B2C72906200EA0F57 /* Meal.swift in Sources */ = {isa = PBXBuildFile; fileRef = A081CE292C72906200EA0F57 /* Meal.swift */; };
		A081CE2D2C7292A900EA0F57 /* Recipe.swift in Sources */ = {isa = PBXBuildFile; fileRef = A081CE2C2C7292A900EA0F57 /* Recipe.swift */; };
		A081CE2E2C7292A900EA0F57 /* Recipe.swift in Sources */ = {isa = PBXBuildFile; fileRef = A081CE2C2C7292A900EA0F57 /* Recipe.swift */; };
		A081CE302C72A0C800EA0F57 /* HomeView.swift in Sources */ = {isa = PBXBuildFile; fileRef = A081CE2F2C72A0C800EA0F57 /* HomeView.swift */; };
		A081CE312C72A0C800EA0F57 /* HomeView.swift in Sources */ = {isa = PBXBuildFile; fileRef = A081CE2F2C72A0C800EA0F57 /* HomeView.swift */; };
		A081CE332C72A0DB00EA0F57 /* HomeViewModel.swift in Sources */ = {isa = PBXBuildFile; fileRef = A081CE322C72A0DB00EA0F57 /* HomeViewModel.swift */; };
		A081CE342C72A0DB00EA0F57 /* HomeViewModel.swift in Sources */ = {isa = PBXBuildFile; fileRef = A081CE322C72A0DB00EA0F57 /* HomeViewModel.swift */; };
		A081CE372C72A90900EA0F57 /* MealCard.swift in Sources */ = {isa = PBXBuildFile; fileRef = A081CE362C72A90900EA0F57 /* MealCard.swift */; };
		A081CE382C72A90900EA0F57 /* MealCard.swift in Sources */ = {isa = PBXBuildFile; fileRef = A081CE362C72A90900EA0F57 /* MealCard.swift */; };
		A081CE3A2C72A92900EA0F57 /* MealCardViewModel.swift in Sources */ = {isa = PBXBuildFile; fileRef = A081CE392C72A92900EA0F57 /* MealCardViewModel.swift */; };
		A081CE3B2C72A92900EA0F57 /* MealCardViewModel.swift in Sources */ = {isa = PBXBuildFile; fileRef = A081CE392C72A92900EA0F57 /* MealCardViewModel.swift */; };
		A081CE3D2C72C5E300EA0F57 /* MealDetailView.swift in Sources */ = {isa = PBXBuildFile; fileRef = A081CE3C2C72C5E300EA0F57 /* MealDetailView.swift */; };
		A081CE3E2C72C5E300EA0F57 /* MealDetailView.swift in Sources */ = {isa = PBXBuildFile; fileRef = A081CE3C2C72C5E300EA0F57 /* MealDetailView.swift */; };
		A081CE402C72C5F800EA0F57 /* MealDetailViewModel.swift in Sources */ = {isa = PBXBuildFile; fileRef = A081CE3F2C72C5F800EA0F57 /* MealDetailViewModel.swift */; };
		A081CE412C72C5F800EA0F57 /* MealDetailViewModel.swift in Sources */ = {isa = PBXBuildFile; fileRef = A081CE3F2C72C5F800EA0F57 /* MealDetailViewModel.swift */; };
		A081CE432C72E48E00EA0F57 /* CustomSegmentedControl.swift in Sources */ = {isa = PBXBuildFile; fileRef = A081CE422C72E48E00EA0F57 /* CustomSegmentedControl.swift */; };
/* End PBXBuildFile section */

/* Begin PBXContainerItemProxy section */
		A081CDEE2C7126AC00EA0F57 /* PBXContainerItemProxy */ = {
			isa = PBXContainerItemProxy;
			containerPortal = A081CDD52C7126A700EA0F57 /* Project object */;
			proxyType = 1;
			remoteGlobalIDString = A081CDDC2C7126A700EA0F57;
			remoteInfo = FetchRecipes;
		};
		A081CDF82C7126AC00EA0F57 /* PBXContainerItemProxy */ = {
			isa = PBXContainerItemProxy;
			containerPortal = A081CDD52C7126A700EA0F57 /* Project object */;
			proxyType = 1;
			remoteGlobalIDString = A081CDDC2C7126A700EA0F57;
			remoteInfo = FetchRecipes;
		};
/* End PBXContainerItemProxy section */

/* Begin PBXFileReference section */
		A081CDDD2C7126A700EA0F57 /* FetchRecipes.app */ = {isa = PBXFileReference; explicitFileType = wrapper.application; includeInIndex = 0; path = FetchRecipes.app; sourceTree = BUILT_PRODUCTS_DIR; };
		A081CDE02C7126A700EA0F57 /* FetchRecipesApp.swift */ = {isa = PBXFileReference; lastKnownFileType = sourcecode.swift; path = FetchRecipesApp.swift; sourceTree = "<group>"; };
		A081CDE22C7126A700EA0F57 /* ContentView.swift */ = {isa = PBXFileReference; lastKnownFileType = sourcecode.swift; path = ContentView.swift; sourceTree = "<group>"; };
		A081CDE42C7126AC00EA0F57 /* Assets.xcassets */ = {isa = PBXFileReference; lastKnownFileType = folder.assetcatalog; path = Assets.xcassets; sourceTree = "<group>"; };
		A081CDE72C7126AC00EA0F57 /* Preview Assets.xcassets */ = {isa = PBXFileReference; lastKnownFileType = folder.assetcatalog; path = "Preview Assets.xcassets"; sourceTree = "<group>"; };
		A081CDED2C7126AC00EA0F57 /* FetchRecipesTests.xctest */ = {isa = PBXFileReference; explicitFileType = wrapper.cfbundle; includeInIndex = 0; path = FetchRecipesTests.xctest; sourceTree = BUILT_PRODUCTS_DIR; };
		A081CDF12C7126AC00EA0F57 /* FetchRecipesTests.swift */ = {isa = PBXFileReference; lastKnownFileType = sourcecode.swift; path = FetchRecipesTests.swift; sourceTree = "<group>"; };
		A081CDF72C7126AC00EA0F57 /* FetchRecipesUITests.xctest */ = {isa = PBXFileReference; explicitFileType = wrapper.cfbundle; includeInIndex = 0; path = FetchRecipesUITests.xctest; sourceTree = BUILT_PRODUCTS_DIR; };
		A081CDFB2C7126AC00EA0F57 /* FetchRecipesUITests.swift */ = {isa = PBXFileReference; lastKnownFileType = sourcecode.swift; path = FetchRecipesUITests.swift; sourceTree = "<group>"; };
		A081CDFD2C7126AC00EA0F57 /* FetchRecipesUITestsLaunchTests.swift */ = {isa = PBXFileReference; lastKnownFileType = sourcecode.swift; path = FetchRecipesUITestsLaunchTests.swift; sourceTree = "<group>"; };
		A081CE122C7132E600EA0F57 /* APIEndpoint.swift */ = {isa = PBXFileReference; lastKnownFileType = sourcecode.swift; path = APIEndpoint.swift; sourceTree = "<group>"; };
		A081CE152C71360E00EA0F57 /* APIError.swift */ = {isa = PBXFileReference; lastKnownFileType = sourcecode.swift; path = APIError.swift; sourceTree = "<group>"; };
		A081CE182C71381B00EA0F57 /* API.swift */ = {isa = PBXFileReference; lastKnownFileType = sourcecode.swift; path = API.swift; sourceTree = "<group>"; };
		A081CE1B2C7139EB00EA0F57 /* NetworkMonitor.swift */ = {isa = PBXFileReference; lastKnownFileType = sourcecode.swift; path = NetworkMonitor.swift; sourceTree = "<group>"; };
		A081CE1F2C713C1D00EA0F57 /* InAppNotification.swift */ = {isa = PBXFileReference; lastKnownFileType = sourcecode.swift; path = InAppNotification.swift; sourceTree = "<group>"; };
		A081CE222C713C7300EA0F57 /* ImageDownloader.swift */ = {isa = PBXFileReference; lastKnownFileType = sourcecode.swift; path = ImageDownloader.swift; sourceTree = "<group>"; };
		A081CE252C713CD500EA0F57 /* LocalFileManager.swift */ = {isa = PBXFileReference; lastKnownFileType = sourcecode.swift; path = LocalFileManager.swift; sourceTree = "<group>"; };
		A081CE292C72906200EA0F57 /* Meal.swift */ = {isa = PBXFileReference; lastKnownFileType = sourcecode.swift; path = Meal.swift; sourceTree = "<group>"; };
		A081CE2C2C7292A900EA0F57 /* Recipe.swift */ = {isa = PBXFileReference; lastKnownFileType = sourcecode.swift; path = Recipe.swift; sourceTree = "<group>"; };
		A081CE2F2C72A0C800EA0F57 /* HomeView.swift */ = {isa = PBXFileReference; lastKnownFileType = sourcecode.swift; path = HomeView.swift; sourceTree = "<group>"; };
		A081CE322C72A0DB00EA0F57 /* HomeViewModel.swift */ = {isa = PBXFileReference; lastKnownFileType = sourcecode.swift; path = HomeViewModel.swift; sourceTree = "<group>"; };
		A081CE362C72A90900EA0F57 /* MealCard.swift */ = {isa = PBXFileReference; lastKnownFileType = sourcecode.swift; path = MealCard.swift; sourceTree = "<group>"; };
		A081CE392C72A92900EA0F57 /* MealCardViewModel.swift */ = {isa = PBXFileReference; lastKnownFileType = sourcecode.swift; path = MealCardViewModel.swift; sourceTree = "<group>"; };
		A081CE3C2C72C5E300EA0F57 /* MealDetailView.swift */ = {isa = PBXFileReference; lastKnownFileType = sourcecode.swift; path = MealDetailView.swift; sourceTree = "<group>"; };
		A081CE3F2C72C5F800EA0F57 /* MealDetailViewModel.swift */ = {isa = PBXFileReference; lastKnownFileType = sourcecode.swift; path = MealDetailViewModel.swift; sourceTree = "<group>"; };
		A081CE422C72E48E00EA0F57 /* CustomSegmentedControl.swift */ = {isa = PBXFileReference; lastKnownFileType = sourcecode.swift; path = CustomSegmentedControl.swift; sourceTree = "<group>"; };
/* End PBXFileReference section */

/* Begin PBXFrameworksBuildPhase section */
		A081CDDA2C7126A700EA0F57 /* Frameworks */ = {
			isa = PBXFrameworksBuildPhase;
			buildActionMask = 2147483647;
			files = (
			);
			runOnlyForDeploymentPostprocessing = 0;
		};
		A081CDEA2C7126AC00EA0F57 /* Frameworks */ = {
			isa = PBXFrameworksBuildPhase;
			buildActionMask = 2147483647;
			files = (
			);
			runOnlyForDeploymentPostprocessing = 0;
		};
		A081CDF42C7126AC00EA0F57 /* Frameworks */ = {
			isa = PBXFrameworksBuildPhase;
			buildActionMask = 2147483647;
			files = (
			);
			runOnlyForDeploymentPostprocessing = 0;
		};
/* End PBXFrameworksBuildPhase section */

/* Begin PBXGroup section */
		A081CDD42C7126A700EA0F57 = {
			isa = PBXGroup;
			children = (
				A081CDDF2C7126A700EA0F57 /* FetchRecipes */,
				A081CDF02C7126AC00EA0F57 /* FetchRecipesTests */,
				A081CDFA2C7126AC00EA0F57 /* FetchRecipesUITests */,
				A081CDDE2C7126A700EA0F57 /* Products */,
			);
			sourceTree = "<group>";
		};
		A081CDDE2C7126A700EA0F57 /* Products */ = {
			isa = PBXGroup;
			children = (
				A081CDDD2C7126A700EA0F57 /* FetchRecipes.app */,
				A081CDED2C7126AC00EA0F57 /* FetchRecipesTests.xctest */,
				A081CDF72C7126AC00EA0F57 /* FetchRecipesUITests.xctest */,
			);
			name = Products;
			sourceTree = "<group>";
		};
		A081CDDF2C7126A700EA0F57 /* FetchRecipes */ = {
			isa = PBXGroup;
			children = (
				A081CE0D2C71271300EA0F57 /* Views */,
				A081CE0C2C71270A00EA0F57 /* Network */,
				A081CE0A2C7126D100EA0F57 /* Main */,
				A081CE1E2C713C0300EA0F57 /* Utils */,
				A081CE0B2C7126E600EA0F57 /* Supporting Files */,
				A081CDE62C7126AC00EA0F57 /* Preview Content */,
			);
			path = FetchRecipes;
			sourceTree = "<group>";
		};
		A081CDE62C7126AC00EA0F57 /* Preview Content */ = {
			isa = PBXGroup;
			children = (
				A081CDE72C7126AC00EA0F57 /* Preview Assets.xcassets */,
			);
			path = "Preview Content";
			sourceTree = "<group>";
		};
		A081CDF02C7126AC00EA0F57 /* FetchRecipesTests */ = {
			isa = PBXGroup;
			children = (
				A081CDF12C7126AC00EA0F57 /* FetchRecipesTests.swift */,
			);
			path = FetchRecipesTests;
			sourceTree = "<group>";
		};
		A081CDFA2C7126AC00EA0F57 /* FetchRecipesUITests */ = {
			isa = PBXGroup;
			children = (
				A081CDFB2C7126AC00EA0F57 /* FetchRecipesUITests.swift */,
				A081CDFD2C7126AC00EA0F57 /* FetchRecipesUITestsLaunchTests.swift */,
			);
			path = FetchRecipesUITests;
			sourceTree = "<group>";
		};
		A081CE0A2C7126D100EA0F57 /* Main */ = {
			isa = PBXGroup;
			children = (
				A081CDE02C7126A700EA0F57 /* FetchRecipesApp.swift */,
				A081CDE22C7126A700EA0F57 /* ContentView.swift */,
			);
			path = Main;
			sourceTree = "<group>";
		};
		A081CE0B2C7126E600EA0F57 /* Supporting Files */ = {
			isa = PBXGroup;
			children = (
				A081CDE42C7126AC00EA0F57 /* Assets.xcassets */,
			);
			path = "Supporting Files";
			sourceTree = "<group>";
		};
		A081CE0C2C71270A00EA0F57 /* Network */ = {
			isa = PBXGroup;
			children = (
				A081CE282C72904F00EA0F57 /* Models */,
				A081CE352C72A65C00EA0F57 /* DataSource */,
			);
			path = Network;
			sourceTree = "<group>";
		};
		A081CE0D2C71271300EA0F57 /* Views */ = {
			isa = PBXGroup;
			children = (
				A081CE0F2C7127B200EA0F57 /* Home */,
				A081CE102C7127BC00EA0F57 /* Details */,
				A081CE0E2C71274200EA0F57 /* Common */,
			);
			path = Views;
			sourceTree = "<group>";
		};
		A081CE0E2C71274200EA0F57 /* Common */ = {
			isa = PBXGroup;
			children = (
				A081CE362C72A90900EA0F57 /* MealCard.swift */,
				A081CE392C72A92900EA0F57 /* MealCardViewModel.swift */,
				A081CE422C72E48E00EA0F57 /* CustomSegmentedControl.swift */,
			);
			path = Common;
			sourceTree = "<group>";
		};
		A081CE0F2C7127B200EA0F57 /* Home */ = {
			isa = PBXGroup;
			children = (
				A081CE2F2C72A0C800EA0F57 /* HomeView.swift */,
				A081CE322C72A0DB00EA0F57 /* HomeViewModel.swift */,
			);
			path = Home;
			sourceTree = "<group>";
		};
		A081CE102C7127BC00EA0F57 /* Details */ = {
			isa = PBXGroup;
			children = (
				A081CE3C2C72C5E300EA0F57 /* MealDetailView.swift */,
				A081CE3F2C72C5F800EA0F57 /* MealDetailViewModel.swift */,
			);
			path = Details;
			sourceTree = "<group>";
		};
		A081CE1E2C713C0300EA0F57 /* Utils */ = {
			isa = PBXGroup;
			children = (
				A081CE1F2C713C1D00EA0F57 /* InAppNotification.swift */,
				A081CE222C713C7300EA0F57 /* ImageDownloader.swift */,
				A081CE252C713CD500EA0F57 /* LocalFileManager.swift */,
			);
			path = Utils;
			sourceTree = "<group>";
		};
		A081CE282C72904F00EA0F57 /* Models */ = {
			isa = PBXGroup;
			children = (
				A081CE292C72906200EA0F57 /* Meal.swift */,
				A081CE2C2C7292A900EA0F57 /* Recipe.swift */,
			);
			path = Models;
			sourceTree = "<group>";
		};
		A081CE352C72A65C00EA0F57 /* DataSource */ = {
			isa = PBXGroup;
			children = (
				A081CE122C7132E600EA0F57 /* APIEndpoint.swift */,
				A081CE152C71360E00EA0F57 /* APIError.swift */,
				A081CE182C71381B00EA0F57 /* API.swift */,
				A081CE1B2C7139EB00EA0F57 /* NetworkMonitor.swift */,
			);
			path = DataSource;
			sourceTree = "<group>";
		};
/* End PBXGroup section */

/* Begin PBXNativeTarget section */
		A081CDDC2C7126A700EA0F57 /* FetchRecipes */ = {
			isa = PBXNativeTarget;
			buildConfigurationList = A081CE012C7126AC00EA0F57 /* Build configuration list for PBXNativeTarget "FetchRecipes" */;
			buildPhases = (
				A081CDD92C7126A700EA0F57 /* Sources */,
				A081CDDA2C7126A700EA0F57 /* Frameworks */,
				A081CDDB2C7126A700EA0F57 /* Resources */,
			);
			buildRules = (
			);
			dependencies = (
			);
			name = FetchRecipes;
			productName = FetchRecipes;
			productReference = A081CDDD2C7126A700EA0F57 /* FetchRecipes.app */;
			productType = "com.apple.product-type.application";
		};
		A081CDEC2C7126AC00EA0F57 /* FetchRecipesTests */ = {
			isa = PBXNativeTarget;
			buildConfigurationList = A081CE042C7126AC00EA0F57 /* Build configuration list for PBXNativeTarget "FetchRecipesTests" */;
			buildPhases = (
				A081CDE92C7126AC00EA0F57 /* Sources */,
				A081CDEA2C7126AC00EA0F57 /* Frameworks */,
				A081CDEB2C7126AC00EA0F57 /* Resources */,
			);
			buildRules = (
			);
			dependencies = (
				A081CDEF2C7126AC00EA0F57 /* PBXTargetDependency */,
			);
			name = FetchRecipesTests;
			productName = FetchRecipesTests;
			productReference = A081CDED2C7126AC00EA0F57 /* FetchRecipesTests.xctest */;
			productType = "com.apple.product-type.bundle.unit-test";
		};
		A081CDF62C7126AC00EA0F57 /* FetchRecipesUITests */ = {
			isa = PBXNativeTarget;
			buildConfigurationList = A081CE072C7126AC00EA0F57 /* Build configuration list for PBXNativeTarget "FetchRecipesUITests" */;
			buildPhases = (
				A081CDF32C7126AC00EA0F57 /* Sources */,
				A081CDF42C7126AC00EA0F57 /* Frameworks */,
				A081CDF52C7126AC00EA0F57 /* Resources */,
			);
			buildRules = (
			);
			dependencies = (
				A081CDF92C7126AC00EA0F57 /* PBXTargetDependency */,
			);
			name = FetchRecipesUITests;
			productName = FetchRecipesUITests;
			productReference = A081CDF72C7126AC00EA0F57 /* FetchRecipesUITests.xctest */;
			productType = "com.apple.product-type.bundle.ui-testing";
		};
/* End PBXNativeTarget section */

/* Begin PBXProject section */
		A081CDD52C7126A700EA0F57 /* Project object */ = {
			isa = PBXProject;
			attributes = {
				BuildIndependentTargetsInParallel = 1;
				LastSwiftUpdateCheck = 1420;
				LastUpgradeCheck = 1420;
				TargetAttributes = {
					A081CDDC2C7126A700EA0F57 = {
						CreatedOnToolsVersion = 14.2;
					};
					A081CDEC2C7126AC00EA0F57 = {
						CreatedOnToolsVersion = 14.2;
						TestTargetID = A081CDDC2C7126A700EA0F57;
					};
					A081CDF62C7126AC00EA0F57 = {
						CreatedOnToolsVersion = 14.2;
						TestTargetID = A081CDDC2C7126A700EA0F57;
					};
				};
			};
			buildConfigurationList = A081CDD82C7126A700EA0F57 /* Build configuration list for PBXProject "FetchRecipes" */;
			compatibilityVersion = "Xcode 14.0";
			developmentRegion = en;
			hasScannedForEncodings = 0;
			knownRegions = (
				en,
				Base,
			);
			mainGroup = A081CDD42C7126A700EA0F57;
			productRefGroup = A081CDDE2C7126A700EA0F57 /* Products */;
			projectDirPath = "";
			projectRoot = "";
			targets = (
				A081CDDC2C7126A700EA0F57 /* FetchRecipes */,
				A081CDEC2C7126AC00EA0F57 /* FetchRecipesTests */,
				A081CDF62C7126AC00EA0F57 /* FetchRecipesUITests */,
			);
		};
/* End PBXProject section */

/* Begin PBXResourcesBuildPhase section */
		A081CDDB2C7126A700EA0F57 /* Resources */ = {
			isa = PBXResourcesBuildPhase;
			buildActionMask = 2147483647;
			files = (
				A081CDE82C7126AC00EA0F57 /* Preview Assets.xcassets in Resources */,
				A081CDE52C7126AC00EA0F57 /* Assets.xcassets in Resources */,
			);
			runOnlyForDeploymentPostprocessing = 0;
		};
		A081CDEB2C7126AC00EA0F57 /* Resources */ = {
			isa = PBXResourcesBuildPhase;
			buildActionMask = 2147483647;
			files = (
			);
			runOnlyForDeploymentPostprocessing = 0;
		};
		A081CDF52C7126AC00EA0F57 /* Resources */ = {
			isa = PBXResourcesBuildPhase;
			buildActionMask = 2147483647;
			files = (
			);
			runOnlyForDeploymentPostprocessing = 0;
		};
/* End PBXResourcesBuildPhase section */

/* Begin PBXSourcesBuildPhase section */
		A081CDD92C7126A700EA0F57 /* Sources */ = {
			isa = PBXSourcesBuildPhase;
			buildActionMask = 2147483647;
			files = (
				A081CE2A2C72906200EA0F57 /* Meal.swift in Sources */,
				A081CE202C713C1D00EA0F57 /* InAppNotification.swift in Sources */,
				A081CE372C72A90900EA0F57 /* MealCard.swift in Sources */,
				A081CDE32C7126A700EA0F57 /* ContentView.swift in Sources */,
				A081CE262C713CD500EA0F57 /* LocalFileManager.swift in Sources */,
				A081CE432C72E48E00EA0F57 /* CustomSegmentedControl.swift in Sources */,
				A081CE232C713C7300EA0F57 /* ImageDownloader.swift in Sources */,
				A081CE1C2C7139EB00EA0F57 /* NetworkMonitor.swift in Sources */,
				A081CE162C71360E00EA0F57 /* APIError.swift in Sources */,
				A081CE132C7132E600EA0F57 /* APIEndpoint.swift in Sources */,
				A081CE332C72A0DB00EA0F57 /* HomeViewModel.swift in Sources */,
				A081CE3A2C72A92900EA0F57 /* MealCardViewModel.swift in Sources */,
				A081CDE12C7126A700EA0F57 /* FetchRecipesApp.swift in Sources */,
				A081CE3D2C72C5E300EA0F57 /* MealDetailView.swift in Sources */,
				A081CE302C72A0C800EA0F57 /* HomeView.swift in Sources */,
				A081CE192C71381B00EA0F57 /* API.swift in Sources */,
				A081CE2D2C7292A900EA0F57 /* Recipe.swift in Sources */,
				A081CE402C72C5F800EA0F57 /* MealDetailViewModel.swift in Sources */,
			);
			runOnlyForDeploymentPostprocessing = 0;
		};
		A081CDE92C7126AC00EA0F57 /* Sources */ = {
			isa = PBXSourcesBuildPhase;
			buildActionMask = 2147483647;
			files = (
				A081CE382C72A90900EA0F57 /* MealCard.swift in Sources */,
				A081CDF22C7126AC00EA0F57 /* FetchRecipesTests.swift in Sources */,
				A081CE412C72C5F800EA0F57 /* MealDetailViewModel.swift in Sources */,
				A081CE142C7132E600EA0F57 /* APIEndpoint.swift in Sources */,
				A081CE3E2C72C5E300EA0F57 /* MealDetailView.swift in Sources */,
				A081CE3B2C72A92900EA0F57 /* MealCardViewModel.swift in Sources */,
				A081CE242C713C7300EA0F57 /* ImageDownloader.swift in Sources */,
				A081CE1D2C7139EB00EA0F57 /* NetworkMonitor.swift in Sources */,
				A081CE2B2C72906200EA0F57 /* Meal.swift in Sources */,
				A081CE312C72A0C800EA0F57 /* HomeView.swift in Sources */,
				A081CE1A2C71381B00EA0F57 /* API.swift in Sources */,
				A081CE342C72A0DB00EA0F57 /* HomeViewModel.swift in Sources */,
				A081CE172C71360E00EA0F57 /* APIError.swift in Sources */,
				A081CE212C713C1D00EA0F57 /* InAppNotification.swift in Sources */,
				A081CE272C713CD500EA0F57 /* LocalFileManager.swift in Sources */,
				A081CE2E2C7292A900EA0F57 /* Recipe.swift in Sources */,
			);
			runOnlyForDeploymentPostprocessing = 0;
		};
		A081CDF32C7126AC00EA0F57 /* Sources */ = {
			isa = PBXSourcesBuildPhase;
			buildActionMask = 2147483647;
			files = (
				A081CDFC2C7126AC00EA0F57 /* FetchRecipesUITests.swift in Sources */,
				A081CDFE2C7126AC00EA0F57 /* FetchRecipesUITestsLaunchTests.swift in Sources */,
			);
			runOnlyForDeploymentPostprocessing = 0;
		};
/* End PBXSourcesBuildPhase section */

/* Begin PBXTargetDependency section */
		A081CDEF2C7126AC00EA0F57 /* PBXTargetDependency */ = {
			isa = PBXTargetDependency;
			target = A081CDDC2C7126A700EA0F57 /* FetchRecipes */;
			targetProxy = A081CDEE2C7126AC00EA0F57 /* PBXContainerItemProxy */;
		};
		A081CDF92C7126AC00EA0F57 /* PBXTargetDependency */ = {
			isa = PBXTargetDependency;
			target = A081CDDC2C7126A700EA0F57 /* FetchRecipes */;
			targetProxy = A081CDF82C7126AC00EA0F57 /* PBXContainerItemProxy */;
		};
/* End PBXTargetDependency section */

/* Begin XCBuildConfiguration section */
		A081CDFF2C7126AC00EA0F57 /* Debug */ = {
			isa = XCBuildConfiguration;
			buildSettings = {
				ALWAYS_SEARCH_USER_PATHS = NO;
				CLANG_ANALYZER_NONNULL = YES;
				CLANG_ANALYZER_NUMBER_OBJECT_CONVERSION = YES_AGGRESSIVE;
				CLANG_CXX_LANGUAGE_STANDARD = "gnu++20";
				CLANG_ENABLE_MODULES = YES;
				CLANG_ENABLE_OBJC_ARC = YES;
				CLANG_ENABLE_OBJC_WEAK = YES;
				CLANG_WARN_BLOCK_CAPTURE_AUTORELEASING = YES;
				CLANG_WARN_BOOL_CONVERSION = YES;
				CLANG_WARN_COMMA = YES;
				CLANG_WARN_CONSTANT_CONVERSION = YES;
				CLANG_WARN_DEPRECATED_OBJC_IMPLEMENTATIONS = YES;
				CLANG_WARN_DIRECT_OBJC_ISA_USAGE = YES_ERROR;
				CLANG_WARN_DOCUMENTATION_COMMENTS = YES;
				CLANG_WARN_EMPTY_BODY = YES;
				CLANG_WARN_ENUM_CONVERSION = YES;
				CLANG_WARN_INFINITE_RECURSION = YES;
				CLANG_WARN_INT_CONVERSION = YES;
				CLANG_WARN_NON_LITERAL_NULL_CONVERSION = YES;
				CLANG_WARN_OBJC_IMPLICIT_RETAIN_SELF = YES;
				CLANG_WARN_OBJC_LITERAL_CONVERSION = YES;
				CLANG_WARN_OBJC_ROOT_CLASS = YES_ERROR;
				CLANG_WARN_QUOTED_INCLUDE_IN_FRAMEWORK_HEADER = YES;
				CLANG_WARN_RANGE_LOOP_ANALYSIS = YES;
				CLANG_WARN_STRICT_PROTOTYPES = YES;
				CLANG_WARN_SUSPICIOUS_MOVE = YES;
				CLANG_WARN_UNGUARDED_AVAILABILITY = YES_AGGRESSIVE;
				CLANG_WARN_UNREACHABLE_CODE = YES;
				CLANG_WARN__DUPLICATE_METHOD_MATCH = YES;
				COPY_PHASE_STRIP = NO;
				DEBUG_INFORMATION_FORMAT = dwarf;
				ENABLE_STRICT_OBJC_MSGSEND = YES;
				ENABLE_TESTABILITY = YES;
				GCC_C_LANGUAGE_STANDARD = gnu11;
				GCC_DYNAMIC_NO_PIC = NO;
				GCC_NO_COMMON_BLOCKS = YES;
				GCC_OPTIMIZATION_LEVEL = 0;
				GCC_PREPROCESSOR_DEFINITIONS = (
					"DEBUG=1",
					"$(inherited)",
				);
				GCC_WARN_64_TO_32_BIT_CONVERSION = YES;
				GCC_WARN_ABOUT_RETURN_TYPE = YES_ERROR;
				GCC_WARN_UNDECLARED_SELECTOR = YES;
				GCC_WARN_UNINITIALIZED_AUTOS = YES_AGGRESSIVE;
				GCC_WARN_UNUSED_FUNCTION = YES;
				GCC_WARN_UNUSED_VARIABLE = YES;
				IPHONEOS_DEPLOYMENT_TARGET = 15.0;
				MTL_ENABLE_DEBUG_INFO = INCLUDE_SOURCE;
				MTL_FAST_MATH = YES;
				ONLY_ACTIVE_ARCH = YES;
				SDKROOT = iphoneos;
				SWIFT_ACTIVE_COMPILATION_CONDITIONS = DEBUG;
				SWIFT_OPTIMIZATION_LEVEL = "-Onone";
			};
			name = Debug;
		};
		A081CE002C7126AC00EA0F57 /* Release */ = {
			isa = XCBuildConfiguration;
			buildSettings = {
				ALWAYS_SEARCH_USER_PATHS = NO;
				CLANG_ANALYZER_NONNULL = YES;
				CLANG_ANALYZER_NUMBER_OBJECT_CONVERSION = YES_AGGRESSIVE;
				CLANG_CXX_LANGUAGE_STANDARD = "gnu++20";
				CLANG_ENABLE_MODULES = YES;
				CLANG_ENABLE_OBJC_ARC = YES;
				CLANG_ENABLE_OBJC_WEAK = YES;
				CLANG_WARN_BLOCK_CAPTURE_AUTORELEASING = YES;
				CLANG_WARN_BOOL_CONVERSION = YES;
				CLANG_WARN_COMMA = YES;
				CLANG_WARN_CONSTANT_CONVERSION = YES;
				CLANG_WARN_DEPRECATED_OBJC_IMPLEMENTATIONS = YES;
				CLANG_WARN_DIRECT_OBJC_ISA_USAGE = YES_ERROR;
				CLANG_WARN_DOCUMENTATION_COMMENTS = YES;
				CLANG_WARN_EMPTY_BODY = YES;
				CLANG_WARN_ENUM_CONVERSION = YES;
				CLANG_WARN_INFINITE_RECURSION = YES;
				CLANG_WARN_INT_CONVERSION = YES;
				CLANG_WARN_NON_LITERAL_NULL_CONVERSION = YES;
				CLANG_WARN_OBJC_IMPLICIT_RETAIN_SELF = YES;
				CLANG_WARN_OBJC_LITERAL_CONVERSION = YES;
				CLANG_WARN_OBJC_ROOT_CLASS = YES_ERROR;
				CLANG_WARN_QUOTED_INCLUDE_IN_FRAMEWORK_HEADER = YES;
				CLANG_WARN_RANGE_LOOP_ANALYSIS = YES;
				CLANG_WARN_STRICT_PROTOTYPES = YES;
				CLANG_WARN_SUSPICIOUS_MOVE = YES;
				CLANG_WARN_UNGUARDED_AVAILABILITY = YES_AGGRESSIVE;
				CLANG_WARN_UNREACHABLE_CODE = YES;
				CLANG_WARN__DUPLICATE_METHOD_MATCH = YES;
				COPY_PHASE_STRIP = NO;
				DEBUG_INFORMATION_FORMAT = "dwarf-with-dsym";
				ENABLE_NS_ASSERTIONS = NO;
				ENABLE_STRICT_OBJC_MSGSEND = YES;
				GCC_C_LANGUAGE_STANDARD = gnu11;
				GCC_NO_COMMON_BLOCKS = YES;
				GCC_WARN_64_TO_32_BIT_CONVERSION = YES;
				GCC_WARN_ABOUT_RETURN_TYPE = YES_ERROR;
				GCC_WARN_UNDECLARED_SELECTOR = YES;
				GCC_WARN_UNINITIALIZED_AUTOS = YES_AGGRESSIVE;
				GCC_WARN_UNUSED_FUNCTION = YES;
				GCC_WARN_UNUSED_VARIABLE = YES;
				IPHONEOS_DEPLOYMENT_TARGET = 15.0;
				MTL_ENABLE_DEBUG_INFO = NO;
				MTL_FAST_MATH = YES;
				SDKROOT = iphoneos;
				SWIFT_COMPILATION_MODE = wholemodule;
				SWIFT_OPTIMIZATION_LEVEL = "-O";
				VALIDATE_PRODUCT = YES;
			};
			name = Release;
		};
		A081CE022C7126AC00EA0F57 /* Debug */ = {
			isa = XCBuildConfiguration;
			buildSettings = {
				ASSETCATALOG_COMPILER_APPICON_NAME = AppIcon;
				ASSETCATALOG_COMPILER_GLOBAL_ACCENT_COLOR_NAME = AccentColor;
				CODE_SIGN_STYLE = Automatic;
				CURRENT_PROJECT_VERSION = 1;
				DEVELOPMENT_ASSET_PATHS = "\"FetchRecipes/Preview Content\"";
				DEVELOPMENT_TEAM = 68S363QCVZ;
				ENABLE_PREVIEWS = YES;
				GENERATE_INFOPLIST_FILE = YES;
				INFOPLIST_KEY_UIApplicationSceneManifest_Generation = YES;
				INFOPLIST_KEY_UIApplicationSupportsIndirectInputEvents = YES;
				INFOPLIST_KEY_UILaunchScreen_Generation = YES;
				INFOPLIST_KEY_UIStatusBarStyle = UIStatusBarStyleLightContent;
				INFOPLIST_KEY_UISupportedInterfaceOrientations = UIInterfaceOrientationPortrait;
				INFOPLIST_KEY_UISupportedInterfaceOrientations_iPad = "UIInterfaceOrientationLandscapeLeft UIInterfaceOrientationLandscapeRight UIInterfaceOrientationPortrait UIInterfaceOrientationPortraitUpsideDown";
				IPHONEOS_DEPLOYMENT_TARGET = 15.0;
				LD_RUNPATH_SEARCH_PATHS = (
					"$(inherited)",
					"@executable_path/Frameworks",
				);
				MARKETING_VERSION = 1.0;
				PRODUCT_BUNDLE_IDENTIFIER = com.LittlePeculiar.FetchRecipes;
				PRODUCT_NAME = "$(TARGET_NAME)";
				SWIFT_EMIT_LOC_STRINGS = YES;
				SWIFT_VERSION = 5.0;
				TARGETED_DEVICE_FAMILY = "1,2";
			};
			name = Debug;
		};
		A081CE032C7126AC00EA0F57 /* Release */ = {
			isa = XCBuildConfiguration;
			buildSettings = {
				ASSETCATALOG_COMPILER_APPICON_NAME = AppIcon;
				ASSETCATALOG_COMPILER_GLOBAL_ACCENT_COLOR_NAME = AccentColor;
				CODE_SIGN_STYLE = Automatic;
				CURRENT_PROJECT_VERSION = 1;
				DEVELOPMENT_ASSET_PATHS = "\"FetchRecipes/Preview Content\"";
				DEVELOPMENT_TEAM = 68S363QCVZ;
				ENABLE_PREVIEWS = YES;
				GENERATE_INFOPLIST_FILE = YES;
				INFOPLIST_KEY_UIApplicationSceneManifest_Generation = YES;
				INFOPLIST_KEY_UIApplicationSupportsIndirectInputEvents = YES;
				INFOPLIST_KEY_UILaunchScreen_Generation = YES;
				INFOPLIST_KEY_UIStatusBarStyle = UIStatusBarStyleLightContent;
				INFOPLIST_KEY_UISupportedInterfaceOrientations = UIInterfaceOrientationPortrait;
				INFOPLIST_KEY_UISupportedInterfaceOrientations_iPad = "UIInterfaceOrientationLandscapeLeft UIInterfaceOrientationLandscapeRight UIInterfaceOrientationPortrait UIInterfaceOrientationPortraitUpsideDown";
				IPHONEOS_DEPLOYMENT_TARGET = 15.0;
				LD_RUNPATH_SEARCH_PATHS = (
					"$(inherited)",
					"@executable_path/Frameworks",
				);
				MARKETING_VERSION = 1.0;
				PRODUCT_BUNDLE_IDENTIFIER = com.LittlePeculiar.FetchRecipes;
				PRODUCT_NAME = "$(TARGET_NAME)";
				SWIFT_EMIT_LOC_STRINGS = YES;
				SWIFT_VERSION = 5.0;
				TARGETED_DEVICE_FAMILY = "1,2";
			};
			name = Release;
		};
		A081CE052C7126AC00EA0F57 /* Debug */ = {
			isa = XCBuildConfiguration;
			buildSettings = {
				ALWAYS_EMBED_SWIFT_STANDARD_LIBRARIES = YES;
				BUNDLE_LOADER = "$(TEST_HOST)";
				CODE_SIGN_STYLE = Automatic;
				CURRENT_PROJECT_VERSION = 1;
				DEVELOPMENT_TEAM = 68S363QCVZ;
				GENERATE_INFOPLIST_FILE = YES;
				IPHONEOS_DEPLOYMENT_TARGET = 16.2;
				MARKETING_VERSION = 1.0;
				PRODUCT_BUNDLE_IDENTIFIER = com.LittlePeculiar.FetchRecipesTests;
				PRODUCT_NAME = "$(TARGET_NAME)";
				SWIFT_EMIT_LOC_STRINGS = NO;
				SWIFT_VERSION = 5.0;
				TARGETED_DEVICE_FAMILY = "1,2";
				TEST_HOST = "$(BUILT_PRODUCTS_DIR)/FetchRecipes.app/$(BUNDLE_EXECUTABLE_FOLDER_PATH)/FetchRecipes";
			};
			name = Debug;
		};
		A081CE062C7126AC00EA0F57 /* Release */ = {
			isa = XCBuildConfiguration;
			buildSettings = {
				ALWAYS_EMBED_SWIFT_STANDARD_LIBRARIES = YES;
				BUNDLE_LOADER = "$(TEST_HOST)";
				CODE_SIGN_STYLE = Automatic;
				CURRENT_PROJECT_VERSION = 1;
				DEVELOPMENT_TEAM = 68S363QCVZ;
				GENERATE_INFOPLIST_FILE = YES;
				IPHONEOS_DEPLOYMENT_TARGET = 16.2;
				MARKETING_VERSION = 1.0;
				PRODUCT_BUNDLE_IDENTIFIER = com.LittlePeculiar.FetchRecipesTests;
				PRODUCT_NAME = "$(TARGET_NAME)";
				SWIFT_EMIT_LOC_STRINGS = NO;
				SWIFT_VERSION = 5.0;
				TARGETED_DEVICE_FAMILY = "1,2";
				TEST_HOST = "$(BUILT_PRODUCTS_DIR)/FetchRecipes.app/$(BUNDLE_EXECUTABLE_FOLDER_PATH)/FetchRecipes";
			};
			name = Release;
		};
		A081CE082C7126AC00EA0F57 /* Debug */ = {
			isa = XCBuildConfiguration;
			buildSettings = {
				ALWAYS_EMBED_SWIFT_STANDARD_LIBRARIES = YES;
				CODE_SIGN_STYLE = Automatic;
				CURRENT_PROJECT_VERSION = 1;
				DEVELOPMENT_TEAM = 68S363QCVZ;
				GENERATE_INFOPLIST_FILE = YES;
				MARKETING_VERSION = 1.0;
				PRODUCT_BUNDLE_IDENTIFIER = com.LittlePeculiar.FetchRecipesUITests;
				PRODUCT_NAME = "$(TARGET_NAME)";
				SWIFT_EMIT_LOC_STRINGS = NO;
				SWIFT_VERSION = 5.0;
				TARGETED_DEVICE_FAMILY = "1,2";
				TEST_TARGET_NAME = FetchRecipes;
			};
			name = Debug;
		};
		A081CE092C7126AC00EA0F57 /* Release */ = {
			isa = XCBuildConfiguration;
			buildSettings = {
				ALWAYS_EMBED_SWIFT_STANDARD_LIBRARIES = YES;
				CODE_SIGN_STYLE = Automatic;
				CURRENT_PROJECT_VERSION = 1;
				DEVELOPMENT_TEAM = 68S363QCVZ;
				GENERATE_INFOPLIST_FILE = YES;
				MARKETING_VERSION = 1.0;
				PRODUCT_BUNDLE_IDENTIFIER = com.LittlePeculiar.FetchRecipesUITests;
				PRODUCT_NAME = "$(TARGET_NAME)";
				SWIFT_EMIT_LOC_STRINGS = NO;
				SWIFT_VERSION = 5.0;
				TARGETED_DEVICE_FAMILY = "1,2";
				TEST_TARGET_NAME = FetchRecipes;
			};
			name = Release;
		};
/* End XCBuildConfiguration section */

/* Begin XCConfigurationList section */
		A081CDD82C7126A700EA0F57 /* Build configuration list for PBXProject "FetchRecipes" */ = {
			isa = XCConfigurationList;
			buildConfigurations = (
				A081CDFF2C7126AC00EA0F57 /* Debug */,
				A081CE002C7126AC00EA0F57 /* Release */,
			);
			defaultConfigurationIsVisible = 0;
			defaultConfigurationName = Release;
		};
		A081CE012C7126AC00EA0F57 /* Build configuration list for PBXNativeTarget "FetchRecipes" */ = {
			isa = XCConfigurationList;
			buildConfigurations = (
				A081CE022C7126AC00EA0F57 /* Debug */,
				A081CE032C7126AC00EA0F57 /* Release */,
			);
			defaultConfigurationIsVisible = 0;
			defaultConfigurationName = Release;
		};
		A081CE042C7126AC00EA0F57 /* Build configuration list for PBXNativeTarget "FetchRecipesTests" */ = {
			isa = XCConfigurationList;
			buildConfigurations = (
				A081CE052C7126AC00EA0F57 /* Debug */,
				A081CE062C7126AC00EA0F57 /* Release */,
			);
			defaultConfigurationIsVisible = 0;
			defaultConfigurationName = Release;
		};
		A081CE072C7126AC00EA0F57 /* Build configuration list for PBXNativeTarget "FetchRecipesUITests" */ = {
			isa = XCConfigurationList;
			buildConfigurations = (
				A081CE082C7126AC00EA0F57 /* Debug */,
				A081CE092C7126AC00EA0F57 /* Release */,
			);
			defaultConfigurationIsVisible = 0;
			defaultConfigurationName = Release;
		};
/* End XCConfigurationList section */
	};
	rootObject = A081CDD52C7126A700EA0F57 /* Project object */;
}
